
Microsoft Visual Studio Solution File, Format Version 12.00
# Visual Studio Version 17
VisualStudioVersion = 17.6.33801.468
MinimumVisualStudioVersion = 10.0.40219.1
Project("{9A19103F-16F7-4668-BE54-9A1E7A4F7556}") = "IMS", "IMS\IMS.csproj", "{C60185E2-6E82-414F-8FCD-966939DD4D2A}"
EndProject
Project("{9A19103F-16F7-4668-BE54-9A1E7A4F7556}") = "IMS.Api.Core", "IMS.Api.Core\IMS.Api.Core.csproj", "{2A364CA9-BCB9-4840-9C62-EC0ED8AF5FBA}"
EndProject
Project("{9A19103F-16F7-4668-BE54-9A1E7A4F7556}") = "IMS.Api.Service", "IMS.Api.Service\IMS.Api.Service.csproj", "{38AF8307-BCDF-4EFC-996A-29D555F5DA17}"
EndProject
Project("{9A19103F-16F7-4668-BE54-9A1E7A4F7556}") = "IMS.Api.Common", "IMS.Api.Common\IMS.Api.Common.csproj", "{AD76698D-4641-4A73-BCF7-B8B5A5C42518}"
EndProject
Global
	GlobalSection(SolutionConfigurationPlatforms) = preSolution
		Debug|Any CPU = Debug|Any CPU
		Release|Any CPU = Release|Any CPU
	EndGlobalSection
	GlobalSection(ProjectConfigurationPlatforms) = postSolution
		{C60185E2-6E82-414F-8FCD-966939DD4D2A}.Debug|Any CPU.ActiveCfg = Debug|Any CPU
		{C60185E2-6E82-414F-8FCD-966939DD4D2A}.Debug|Any CPU.Build.0 = Debug|Any CPU
		{C60185E2-6E82-414F-8FCD-966939DD4D2A}.Release|Any CPU.ActiveCfg = Release|Any CPU
		{C60185E2-6E82-414F-8FCD-966939DD4D2A}.Release|Any CPU.Build.0 = Release|Any CPU
		{2A364CA9-BCB9-4840-9C62-EC0ED8AF5FBA}.Debug|Any CPU.ActiveCfg = Debug|Any CPU
		{2A364CA9-BCB9-4840-9C62-EC0ED8AF5FBA}.Debug|Any CPU.Build.0 = Debug|Any CPU
		{2A364CA9-BCB9-4840-9C62-EC0ED8AF5FBA}.Release|Any CPU.ActiveCfg = Release|Any CPU
		{2A364CA9-BCB9-4840-9C62-EC0ED8AF5FBA}.Release|Any CPU.Build.0 = Release|Any CPU
		{38AF8307-BCDF-4EFC-996A-29D555F5DA17}.Debug|Any CPU.ActiveCfg = Debug|Any CPU
		{38AF8307-BCDF-4EFC-996A-29D555F5DA17}.Debug|Any CPU.Build.0 = Debug|Any CPU
		{38AF8307-BCDF-4EFC-996A-29D555F5DA17}.Release|Any CPU.ActiveCfg = Release|Any CPU
		{38AF8307-BCDF-4EFC-996A-29D555F5DA17}.Release|Any CPU.Build.0 = Release|Any CPU
		{AD76698D-4641-4A73-BCF7-B8B5A5C42518}.Debug|Any CPU.ActiveCfg = Debug|Any CPU
		{AD76698D-4641-4A73-BCF7-B8B5A5C42518}.Debug|Any CPU.Build.0 = Debug|Any CPU
		{AD76698D-4641-4A73-BCF7-B8B5A5C42518}.Release|Any CPU.ActiveCfg = Release|Any CPU
		{AD76698D-4641-4A73-BCF7-B8B5A5C42518}.Release|Any CPU.Build.0 = Release|Any CPU
	EndGlobalSection
	GlobalSection(SolutionProperties) = preSolution
		HideSolutionNode = FALSE
	EndGlobalSection
	GlobalSection(ExtensibilityGlobals) = postSolution
		SolutionGuid = {EDD53A16-67FC-4B71-B023-F86D65F3E445}
	EndGlobalSection
EndGlobal
